
Microsoft Visual Studio Solution File, Format Version 12.00
# Visual Studio Version 16
VisualStudioVersion = 16.0.31424.327
MinimumVisualStudioVersion = 10.0.40219.1
Project("{9A19103F-16F7-4668-BE54-9A1E7A4F7556}") = "GUID_VIEW", "GUID_VIEW\GUID_VIEW.csproj", "{1BC84792-4C91-43F1-967B-E5F556652A72}"
EndProject
Project("{9A19103F-16F7-4668-BE54-9A1E7A4F7556}") = "Service_GUID", "Service_GUID\Service_GUID.csproj", "{F8176383-9461-4FEE-A8CD-AB22D10DE7A9}"
EndProject
Project("{9A19103F-16F7-4668-BE54-9A1E7A4F7556}") = "ModelGUID", "ModelGUID\ModelGUID.csproj", "{74B78ACE-DC41-4BF0-AF14-9EB3C7E6477C}"
EndProject
Global
	GlobalSection(SolutionConfigurationPlatforms) = preSolution
		Debug|Any CPU = Debug|Any CPU
		Release|Any CPU = Release|Any CPU
	EndGlobalSection
	GlobalSection(ProjectConfigurationPlatforms) = postSolution
		{1BC84792-4C91-43F1-967B-E5F556652A72}.Debug|Any CPU.ActiveCfg = Debug|Any CPU
		{1BC84792-4C91-43F1-967B-E5F556652A72}.Debug|Any CPU.Build.0 = Debug|Any CPU
		{1BC84792-4C91-43F1-967B-E5F556652A72}.Release|Any CPU.ActiveCfg = Release|Any CPU
		{1BC84792-4C91-43F1-967B-E5F556652A72}.Release|Any CPU.Build.0 = Release|Any CPU
		{F8176383-9461-4FEE-A8CD-AB22D10DE7A9}.Debug|Any CPU.ActiveCfg = Debug|Any CPU
		{F8176383-9461-4FEE-A8CD-AB22D10DE7A9}.Debug|Any CPU.Build.0 = Debug|Any CPU
		{F8176383-9461-4FEE-A8CD-AB22D10DE7A9}.Release|Any CPU.ActiveCfg = Release|Any CPU
		{F8176383-9461-4FEE-A8CD-AB22D10DE7A9}.Release|Any CPU.Build.0 = Release|Any CPU
		{74B78ACE-DC41-4BF0-AF14-9EB3C7E6477C}.Debug|Any CPU.ActiveCfg = Debug|Any CPU
		{74B78ACE-DC41-4BF0-AF14-9EB3C7E6477C}.Debug|Any CPU.Build.0 = Debug|Any CPU
		{74B78ACE-DC41-4BF0-AF14-9EB3C7E6477C}.Release|Any CPU.ActiveCfg = Release|Any CPU
		{74B78ACE-DC41-4BF0-AF14-9EB3C7E6477C}.Release|Any CPU.Build.0 = Release|Any CPU
	EndGlobalSection
	GlobalSection(SolutionProperties) = preSolution
		HideSolutionNode = FALSE
	EndGlobalSection
	GlobalSection(ExtensibilityGlobals) = postSolution
		SolutionGuid = {FE84A94C-EFAC-49A7-AC8C-BE2F09507BEB}
	EndGlobalSection
EndGlobal
